#
# This file is autogenerated by pip-compile with Python 3.12
# by the following command:
#
#    pip-compile --output-file=pyproject.lock pyproject.toml
#
annotated-types==0.7.0
    # via pydantic
anyio==4.12.1
    # via
    #   httpx
    #   starlette
    #   watchfiles
certifi==2026.1.4
    # via
    #   httpcore
    #   httpx
click==8.3.1
    # via uvicorn
fastapi==0.110.0
    # via swarmclause-backend (pyproject.toml)
greenlet==3.3.1
    # via sqlalchemy
h11==0.16.0
    # via
    #   httpcore
    #   uvicorn
httpcore==1.0.9
    # via httpx
httptools==0.7.1
    # via uvicorn
httpx==0.25.2
    # via swarmclause-backend (pyproject.toml)
idna==3.11
    # via
    #   anyio
    #   httpx
pydantic==2.6.3
    # via
    #   fastapi
    #   pydantic-settings
    #   swarmclause-backend (pyproject.toml)
pydantic-core==2.16.3
    # via pydantic
pydantic-settings==2.1.0
    # via swarmclause-backend (pyproject.toml)
python-dotenv==1.0.1
    # via
    #   pydantic-settings
    #   swarmclause-backend (pyproject.toml)
    #   uvicorn
pyyaml==6.0.3
    # via uvicorn
sniffio==1.3.1
    # via httpx
sqlalchemy==2.0.25
    # via swarmclause-backend (pyproject.toml)
starlette==0.36.3
    # via fastapi
typing-extensions==4.15.0
    # via
    #   anyio
    #   fastapi
    #   pydantic
    #   pydantic-core
    #   sqlalchemy
uvicorn[standard]==0.27.1
    # via swarmclause-backend (pyproject.toml)
uvloop==0.22.1
    # via uvicorn
watchfiles==1.1.1
    # via uvicorn
websockets==16.0
    # via uvicorn
